
Microsoft Visual Studio Solution File, Format Version 12.00
# Visual Studio Version 17
VisualStudioVersion = 17.6.33829.357
MinimumVisualStudioVersion = 10.0.40219.1
Project("{FAE04EC0-301F-11D3-BF4B-00C04F79EFBC}") = "AplicacionCRUD", "AplicacionCRUD\AplicacionCRUD.csproj", "{9824FA99-6CE6-484C-8640-2A7A5B279B8C}"
EndProject
Global
	GlobalSection(SolutionConfigurationPlatforms) = preSolution
		Debug|Any CPU = Debug|Any CPU
		Release|Any CPU = Release|Any CPU
	EndGlobalSection
	GlobalSection(ProjectConfigurationPlatforms) = postSolution
		{9824FA99-6CE6-484C-8640-2A7A5B279B8C}.Debug|Any CPU.ActiveCfg = Debug|Any CPU
		{9824FA99-6CE6-484C-8640-2A7A5B279B8C}.Debug|Any CPU.Build.0 = Debug|Any CPU
		{9824FA99-6CE6-484C-8640-2A7A5B279B8C}.Release|Any CPU.ActiveCfg = Release|Any CPU
		{9824FA99-6CE6-484C-8640-2A7A5B279B8C}.Release|Any CPU.Build.0 = Release|Any CPU
	EndGlobalSection
	GlobalSection(SolutionProperties) = preSolution
		HideSolutionNode = FALSE
	EndGlobalSection
	GlobalSection(ExtensibilityGlobals) = postSolution
		SolutionGuid = {950DE84D-0452-4B17-AEF2-5FC9A94E5ABC}
	EndGlobalSection
EndGlobal
